Microsoft Visual Studio Solution File, Format Version 12.00
# Visual Studio Version 17
VisualStudioVersion = 17.8.34525.116
MinimumVisualStudioVersion = 10.0.40219.1
Project("{9A19103F-16F7-4668-BE54-9A1E7A4F7556}") = "SmartVet.Domain", "SmartVet\SmartVet.Domain\SmartVet.Domain.csproj", "{71A25F39-DD94-4EB4-91A0-16C974255C74}"
EndProject
Project("{9A19103F-16F7-4668-BE54-9A1E7A4F7556}") = "SmartVet.Application", "SmartVet\SmartVet.Application\SmartVet.Application.csproj", "{87B74058-FC31-4A2D-8D99-218A39D819B3}"
EndProject
Project("{9A19103F-16F7-4668-BE54-9A1E7A4F7556}") = "SmartVet.Infrastructure", "SmartVet\SmartVet.Infrastructure\SmartVet.Infrastructure.csproj", "{017D9855-D97B-438C-ADE2-71E0137E24C1}"
EndProject
Project("{9A19103F-16F7-4668-BE54-9A1E7A4F7556}") = "SmartVet.WebAPI", "SmartVet\SmartVet.WebAPI\SmartVet.WebAPI.csproj", "{29AD789D-C8FF-4E2F-AC12-11A16593524D}"
EndProject
Project("{E53339B2-1760-4266-BCC7-CA923CBCF16C}") = "docker-compose", "docker-compose.dcproj", "{FE9E6B8C-02C0-436E-89EC-C1CE7F175CAF}"
EndProject
Global
	GlobalSection(SolutionConfigurationPlatforms) = preSolution
		Debug|Any CPU = Debug|Any CPU
		Release|Any CPU = Release|Any CPU
	EndGlobalSection
	GlobalSection(ProjectConfigurationPlatforms) = postSolution
		{71A25F39-DD94-4EB4-91A0-16C974255C74}.Debug|Any CPU.ActiveCfg = Debug|Any CPU
		{71A25F39-DD94-4EB4-91A0-16C974255C74}.Debug|Any CPU.Build.0 = Debug|Any CPU
		{71A25F39-DD94-4EB4-91A0-16C974255C74}.Release|Any CPU.ActiveCfg = Release|Any CPU
		{71A25F39-DD94-4EB4-91A0-16C974255C74}.Release|Any CPU.Build.0 = Release|Any CPU
		{87B74058-FC31-4A2D-8D99-218A39D819B3}.Debug|Any CPU.ActiveCfg = Debug|Any CPU
		{87B74058-FC31-4A2D-8D99-218A39D819B3}.Debug|Any CPU.Build.0 = Debug|Any CPU
		{87B74058-FC31-4A2D-8D99-218A39D819B3}.Release|Any CPU.ActiveCfg = Release|Any CPU
		{87B74058-FC31-4A2D-8D99-218A39D819B3}.Release|Any CPU.Build.0 = Release|Any CPU
		{017D9855-D97B-438C-ADE2-71E0137E24C1}.Debug|Any CPU.ActiveCfg = Debug|Any CPU
		{017D9855-D97B-438C-ADE2-71E0137E24C1}.Debug|Any CPU.Build.0 = Debug|Any CPU
		{017D9855-D97B-438C-ADE2-71E0137E24C1}.Release|Any CPU.ActiveCfg = Release|Any CPU
		{017D9855-D97B-438C-ADE2-71E0137E24C1}.Release|Any CPU.Build.0 = Release|Any CPU
		{29AD789D-C8FF-4E2F-AC12-11A16593524D}.Debug|Any CPU.ActiveCfg = Debug|Any CPU
		{29AD789D-C8FF-4E2F-AC12-11A16593524D}.Debug|Any CPU.Build.0 = Debug|Any CPU
		{29AD789D-C8FF-4E2F-AC12-11A16593524D}.Release|Any CPU.ActiveCfg = Release|Any CPU
		{29AD789D-C8FF-4E2F-AC12-11A16593524D}.Release|Any CPU.Build.0 = Release|Any CPU
		{FE9E6B8C-02C0-436E-89EC-C1CE7F175CAF}.Debug|Any CPU.ActiveCfg = Debug|Any CPU
		{FE9E6B8C-02C0-436E-89EC-C1CE7F175CAF}.Debug|Any CPU.Build.0 = Debug|Any CPU
		{FE9E6B8C-02C0-436E-89EC-C1CE7F175CAF}.Release|Any CPU.ActiveCfg = Release|Any CPU
		{FE9E6B8C-02C0-436E-89EC-C1CE7F175CAF}.Release|Any CPU.Build.0 = Release|Any CPU
	EndGlobalSection
	GlobalSection(SolutionProperties) = preSolution
		HideSolutionNode = FALSE
	EndGlobalSection
	GlobalSection(ExtensibilityGlobals) = postSolution
		SolutionGuid = {69766354-AE61-479C-B6D7-C8FFA3931E1F}
	EndGlobalSection
EndGlobal
